
Microsoft Visual Studio Solution File, Format Version 12.00
# Visual Studio Version 17
VisualStudioVersion = 17.5.33502.453
MinimumVisualStudioVersion = 10.0.40219.1
Project("{FAE04EC0-301F-11D3-BF4B-00C04F79EFBC}") = "SeleniumDriver", "SeleniumDriver\SeleniumDriver.csproj", "{197F1930-4DEC-431F-AF0B-5E9F7D497E74}"
EndProject
Global
	GlobalSection(SolutionConfigurationPlatforms) = preSolution
		Debug|Any CPU = Debug|Any CPU
		Release|Any CPU = Release|Any CPU
	EndGlobalSection
	GlobalSection(ProjectConfigurationPlatforms) = postSolution
		{197F1930-4DEC-431F-AF0B-5E9F7D497E74}.Debug|Any CPU.ActiveCfg = Debug|Any CPU
		{197F1930-4DEC-431F-AF0B-5E9F7D497E74}.Debug|Any CPU.Build.0 = Debug|Any CPU
		{197F1930-4DEC-431F-AF0B-5E9F7D497E74}.Release|Any CPU.ActiveCfg = Release|Any CPU
		{197F1930-4DEC-431F-AF0B-5E9F7D497E74}.Release|Any CPU.Build.0 = Release|Any CPU
	EndGlobalSection
	GlobalSection(SolutionProperties) = preSolution
		HideSolutionNode = FALSE
	EndGlobalSection
	GlobalSection(ExtensibilityGlobals) = postSolution
		SolutionGuid = {A792D529-830D-4935-BBBC-5AA8F157C54A}
	EndGlobalSection
EndGlobal
